
Microsoft Visual Studio Solution File, Format Version 12.00
# Visual Studio 14
VisualStudioVersion = 14.0.25420.1
MinimumVisualStudioVersion = 10.0.40219.1
Project("{FAE04EC0-301F-11D3-BF4B-00C04F79EFBC}") = "SRT", "SRT\SRT.csproj", "{DBE028F5-6145-4AC5-AFAA-C9D945643372}"
EndProject
Global
	GlobalSection(SolutionConfigurationPlatforms) = preSolution
		Debug|Any CPU = Debug|Any CPU
		Release|Any CPU = Release|Any CPU
	EndGlobalSection
	GlobalSection(ProjectConfigurationPlatforms) = postSolution
		{DBE028F5-6145-4AC5-AFAA-C9D945643372}.Debug|Any CPU.ActiveCfg = Debug|Any CPU
		{DBE028F5-6145-4AC5-AFAA-C9D945643372}.Debug|Any CPU.Build.0 = Debug|Any CPU
		{DBE028F5-6145-4AC5-AFAA-C9D945643372}.Release|Any CPU.ActiveCfg = Release|Any CPU
		{DBE028F5-6145-4AC5-AFAA-C9D945643372}.Release|Any CPU.Build.0 = Release|Any CPU
	EndGlobalSection
	GlobalSection(SolutionProperties) = preSolution
		HideSolutionNode = FALSE
	EndGlobalSection
EndGlobal
